{
  "name": "contao",
  "version": "1.0.0",
  "lockfileVersion": 3,
  "requires": true,
  "packages": {
    "": {
      "name": "contao",
      "version": "1.0.0",
      "license": "ISC",
      "dependencies": {
        "@awesome.me/kit-c9b4e661cb": "^1.0.232",
        "@popperjs/core": "*",
        "animate.css": "*",
        "bootstrap": "*",
        "js-cookie": "*",
        "macy": "^2.5.1",
        "mmenu-light": "^3.2.2",
        "swiper": "*",
        "venobox": "*"
      }
    },
    "node_modules/@awesome.me/kit-c9b4e661cb": {
      "version": "1.0.241",
      "resolved": "https://npm.fontawesome.com/@awesome.me/kit-c9b4e661cb/-/1.0.241/kit-c9b4e661cb-1.0.241.tgz",
      "integrity": "sha512-Gg1MT5kusqPc2/ZxNSDwOteu1VUxaCuGyMxdhkn35GGWpII3pYp25PtEmNkd5neeJMYUihPR/N4DmraPramvcw==",
      "dependencies": {
        "@fortawesome/fontawesome-common-types": "^6.7.2"
      },
      "engines": {
        "node": ">=16"
      }
    },
    "node_modules/@fortawesome/fontawesome-common-types": {
      "version": "6.7.2",
      "resolved": "https://npm.fontawesome.com/@fortawesome/fontawesome-common-types/-/6.7.2/fontawesome-common-types-6.7.2.tgz",
      "integrity": "sha512-Zs+YeHUC5fkt7Mg1l6XTniei3k4bwG/yo3iFUtZWd/pMx9g3fdvkSK9E0FOC+++phXOka78uJcYb8JaFkW52Xg==",
      "engines": {
        "node": ">=6"
      }
    },
    "node_modules/@popperjs/core": {
      "version": "2.11.8",
      "resolved": "https://registry.npmjs.org/@popperjs/core/-/core-2.11.8.tgz",
      "integrity": "sha512-P1st0aksCrn9sGZhp8GMYwBnQsbvAWsZAX44oXNNvLHGqAOcoVxmjZiohstwQ7SqKnbR47akdNi+uleWD8+g6A==",
      "funding": {
        "type": "opencollective",
        "url": "https://opencollective.com/popperjs"
      }
    },
    "node_modules/animate.css": {
      "version": "4.1.1",
      "resolved": "https://registry.npmjs.org/animate.css/-/animate.css-4.1.1.tgz",
      "integrity": "sha512-+mRmCTv6SbCmtYJCN4faJMNFVNN5EuCTTprDTAo7YzIGji2KADmakjVA3+8mVDkZ2Bf09vayB35lSQIex2+QaQ=="
    },
    "node_modules/bootstrap": {
      "version": "5.3.3",
      "resolved": "https://registry.npmjs.org/bootstrap/-/bootstrap-5.3.3.tgz",
      "integrity": "sha512-8HLCdWgyoMguSO9o+aH+iuZ+aht+mzW0u3HIMzVu7Srrpv7EBBxTnrFlSCskwdY1+EOFQSm7uMJhNQHkdPcmjg==",
      "funding": [
        {
          "type": "github",
          "url": "https://github.com/sponsors/twbs"
        },
        {
          "type": "opencollective",
          "url": "https://opencollective.com/bootstrap"
        }
      ],
      "peerDependencies": {
        "@popperjs/core": "^2.11.8"
      }
    },
    "node_modules/js-cookie": {
      "version": "3.0.5",
      "resolved": "https://registry.npmjs.org/js-cookie/-/js-cookie-3.0.5.tgz",
      "integrity": "sha512-cEiJEAEoIbWfCZYKWhVwFuvPX1gETRYPw6LlaTKoxD3s2AkXzkCjnp6h0V77ozyqj0jakteJ4YqDJT830+lVGw==",
      "engines": {
        "node": ">=14"
      }
    },
    "node_modules/macy": {
      "version": "2.5.1",
      "resolved": "https://registry.npmjs.org/macy/-/macy-2.5.1.tgz",
      "integrity": "sha512-+y4WYyh3rl4G8UczZP30pXxhLQRZ941QcaDmWoGefzUBXdwNW8TOhjjN1g5i/VG3SmiSsHgpjVXhlnZ84P2QMw==",
      "engines": {
        "node": ">= 0.9"
      }
    },
    "node_modules/mmenu-light": {
      "version": "3.2.2",
      "resolved": "https://registry.npmjs.org/mmenu-light/-/mmenu-light-3.2.2.tgz",
      "integrity": "sha512-Ue+3+ZIF500IWNPgojHRbIhl8ikMxuPnFBpb+I8bL5fg5ODFOctOEAhA7aZmfjvWvtC+8v0ik3y6aTvgX/QXTQ=="
    },
    "node_modules/swiper": {
      "version": "11.2.6",
      "resolved": "https://registry.npmjs.org/swiper/-/swiper-11.2.6.tgz",
      "integrity": "sha512-8aXpYKtjy3DjcbzZfz+/OX/GhcU5h+looA6PbAzHMZT6ESSycSp9nAjPCenczgJyslV+rUGse64LMGpWE3PX9Q==",
      "funding": [
        {
          "type": "patreon",
          "url": "https://www.patreon.com/swiperjs"
        },
        {
          "type": "open_collective",
          "url": "http://opencollective.com/swiper"
        }
      ],
      "engines": {
        "node": ">= 4.7.0"
      }
    },
    "node_modules/venobox": {
      "version": "2.1.8",
      "resolved": "https://registry.npmjs.org/venobox/-/venobox-2.1.8.tgz",
      "integrity": "sha512-GfT2ejBfdwgTJ02XhoZY9zz+f6OD3+R1IaCy1kxhaDbvchZLNgunbPhq6k69/4jqGlQvwa+sxvufhR9A8UQyKQ=="
    }
  }
}
