{
  "name": "contao",
  "version": "1.0.0",
  "lockfileVersion": 1,
  "requires": true,
  "dependencies": {
    "@popperjs/core": {
      "version": "2.11.0",
      "resolved": "http://registry.orgacard.local:8081/repository/npm-central-orgacard/@popperjs/core/-/core-2.11.0.tgz",
      "integrity": "sha512-zrsUxjLOKAzdewIDRWy9nsV1GQsKBCWaGwsZQlCgr6/q+vjyZhFgqedLfFBuI9anTPEUT4APq9Mu0SZBTzIcGQ=="
    },
    "animate.css": {
      "version": "4.1.1",
      "resolved": "http://registry.orgacard.local:8081/repository/npm-central-orgacard/animate.css/-/animate.css-4.1.1.tgz",
      "integrity": "sha512-+mRmCTv6SbCmtYJCN4faJMNFVNN5EuCTTprDTAo7YzIGji2KADmakjVA3+8mVDkZ2Bf09vayB35lSQIex2+QaQ=="
    },
    "aos": {
      "version": "3.0.0-beta.6",
      "resolved": "http://registry.orgacard.local:8081/repository/npm-central-orgacard/aos/-/aos-3.0.0-beta.6.tgz",
      "integrity": "sha512-VLWrpq8bfAWcetynVHMMrqdC+89Qq/Ym6UBJbHB4crIwp3RR8uq1dNGgsFzoDl03S43rlVMK+na3r5+oUCZsYw==",
      "requires": {
        "classlist-polyfill": "^1.2.0",
        "lodash.debounce": "^4.0.8",
        "lodash.throttle": "^4.1.1"
      }
    },
    "bootstrap": {
      "version": "5.1.3",
      "resolved": "http://registry.orgacard.local:8081/repository/npm-central-orgacard/bootstrap/-/bootstrap-5.1.3.tgz",
      "integrity": "sha512-fcQztozJ8jToQWXxVuEyXWW+dSo8AiXWKwiSSrKWsRB/Qt+Ewwza+JWoLKiTuQLaEPhdNAJ7+Dosc9DOIqNy7Q=="
    },
    "classlist-polyfill": {
      "version": "1.2.0",
      "resolved": "http://registry.orgacard.local:8081/repository/npm-central-orgacard/classlist-polyfill/-/classlist-polyfill-1.2.0.tgz",
      "integrity": "sha1-k1vC39lFiodrJ5YXUUY4vKqWSi4="
    },
    "dom7": {
      "version": "4.0.1",
      "resolved": "http://registry.orgacard.local:8081/repository/npm-central-orgacard/dom7/-/dom7-4.0.1.tgz",
      "integrity": "sha512-y/RWjw3gK3qQnZz6IqDaIoqH6+xBhcB3Wsh5HFwl0abwuO/NAgbSB31ZbxtBDcuDe8jAX5NYUNDLTx4Ul48sIw==",
      "requires": {
        "ssr-window": "^4.0.0"
      }
    },
    "joshjs": {
      "version": "1.0.7",
      "resolved": "http://registry.orgacard.local:8081/repository/npm-central-orgacard/joshjs/-/joshjs-1.0.7.tgz",
      "integrity": "sha512-kZxxOb5ge3rBQ7ViFl7gWaaSDa7cx4I3iNvfC5snCk5PDxLA8KHt4T4+AayAHn3WxOTxlq+PBhnrh45rZZ3OOg==",
      "requires": {
        "animate.css": "^4.1.0"
      }
    },
    "lodash.debounce": {
      "version": "4.0.8",
      "resolved": "http://registry.orgacard.local:8081/repository/npm-central-orgacard/lodash.debounce/-/lodash.debounce-4.0.8.tgz",
      "integrity": "sha1-gteb/zCmfEAF/9XiUVMArZyk168="
    },
    "lodash.throttle": {
      "version": "4.1.1",
      "resolved": "http://registry.orgacard.local:8081/repository/npm-central-orgacard/lodash.throttle/-/lodash.throttle-4.1.1.tgz",
      "integrity": "sha1-wj6RtxAkKscMN/HhzaknTMOb8vQ="
    },
    "ssr-window": {
      "version": "4.0.1",
      "resolved": "http://registry.orgacard.local:8081/repository/npm-central-orgacard/ssr-window/-/ssr-window-4.0.1.tgz",
      "integrity": "sha512-5q936lkCk5Lg5hM6tG8Nutdym4vNiuFSWorslTzOn71PWb3Wnx44q/k2Ryn1LWA1G4FtxMzjywUFOiOxPkVGrA=="
    },
    "swiper": {
      "version": "7.3.1",
      "resolved": "http://registry.orgacard.local:8081/repository/npm-central-orgacard/swiper/-/swiper-7.3.1.tgz",
      "integrity": "sha512-YHa8uI22UwF9Q6F9tCDSai7/BJo8uVHKampKYAIShlFrWoHfM+sCCn24Yeq3oqIKZv2bfSULzXKsXmh0VpCNeQ==",
      "requires": {
        "dom7": "^4.0.1",
        "ssr-window": "^4.0.1"
      }
    },
    "vanilla-lazyload": {
      "version": "17.5.0",
      "resolved": "http://registry.orgacard.local:8081/repository/npm-central-orgacard/vanilla-lazyload/-/vanilla-lazyload-17.5.0.tgz",
      "integrity": "sha512-1d2kjFT2BTrA2ynBBbJ58kIZqtB6TxocAvUFwmzjJ34RqLDlVPy4VmBDuAi6xgv+3LSmP6coKstU2eeRdI+ixw=="
    }
  }
}
