{
  "name": "contao",
  "version": "1.0.0",
  "lockfileVersion": 1,
  "requires": true,
  "dependencies": {
    "@popperjs/core": {
      "version": "2.10.2",
      "resolved": "http://registry.orgacard.local:8081/repository/npm-central-orgacard/@popperjs/core/-/core-2.10.2.tgz",
      "integrity": "sha512-IXf3XA7+XyN7CP9gGh/XB0UxVMlvARGEgGXLubFICsUMGz6Q+DU+i4gGlpOxTjKvXjkJDJC8YdqdKkDj9qZHEQ=="
    },
    "bootstrap": {
      "version": "5.1.3",
      "resolved": "http://registry.orgacard.local:8081/repository/npm-central-orgacard/bootstrap/-/bootstrap-5.1.3.tgz",
      "integrity": "sha512-fcQztozJ8jToQWXxVuEyXWW+dSo8AiXWKwiSSrKWsRB/Qt+Ewwza+JWoLKiTuQLaEPhdNAJ7+Dosc9DOIqNy7Q=="
    },
    "dom7": {
      "version": "4.0.0",
      "resolved": "http://registry.orgacard.local:8081/repository/npm-central-orgacard/dom7/-/dom7-4.0.0.tgz",
      "integrity": "sha512-xOJ0LAHFwktyj8Xljz4R2wzRI+Y9mR0plkMP0WlqtwqAkqn/vbdAyRifiW/w8mXe17LGktntcAwsQ5fKVDBNYg==",
      "requires": {
        "ssr-window": "^4.0.0"
      }
    },
    "sal.js": {
      "version": "0.8.5",
      "resolved": "http://registry.orgacard.local:8081/repository/npm-central-orgacard/sal.js/-/sal.js-0.8.5.tgz",
      "integrity": "sha512-KUb3fNrVZ1oWxxkEAfQfQ4Mrd910yboIRHqsvioBkulQInqMVeSMah+J5f7ch7KXFLicKlAaE0TzTsG/eJ02Dg=="
    },
    "ssr-window": {
      "version": "4.0.0",
      "resolved": "http://registry.orgacard.local:8081/repository/npm-central-orgacard/ssr-window/-/ssr-window-4.0.0.tgz",
      "integrity": "sha512-qCg6wJNeGNTVcPK2KFNfwtHU1gA3UZDZdxogu+Ys5+Ue5PMOENxUb7sscpAWWo4mWOBkJRCwQ50IlyA7qZ0hxw=="
    },
    "swiper": {
      "version": "7.0.8",
      "resolved": "http://registry.orgacard.local:8081/repository/npm-central-orgacard/swiper/-/swiper-7.0.8.tgz",
      "integrity": "sha512-1IpWjHam98eTNiysi9MauvPHdLgrLesSYGd7JXvQEJkvW/NvI9gogMfRfbv+7jCK3+nIWuCpVnJmKCOBtJi4JA==",
      "requires": {
        "dom7": "^4.0.0",
        "ssr-window": "^4.0.0"
      }
    },
    "vanilla-lazyload": {
      "version": "17.5.0",
      "resolved": "http://registry.orgacard.local:8081/repository/npm-central-orgacard/vanilla-lazyload/-/vanilla-lazyload-17.5.0.tgz",
      "integrity": "sha512-1d2kjFT2BTrA2ynBBbJ58kIZqtB6TxocAvUFwmzjJ34RqLDlVPy4VmBDuAi6xgv+3LSmP6coKstU2eeRdI+ixw=="
    }
  }
}
